
Microsoft Visual Studio Solution File, Format Version 12.00
# Visual Studio Version 17
VisualStudioVersion = 17.0.32014.148
MinimumVisualStudioVersion = 10.0.40219.1
Project("{FAE04EC0-301F-11D3-BF4B-00C04F79EFBC}") = "RestSharpProject", "RestSharpProject\RestSharpProject.csproj", "{97089F72-A092-4B4D-BB9B-C4AF4691634D}"
EndProject
Global
	GlobalSection(SolutionConfigurationPlatforms) = preSolution
		Debug|Any CPU = Debug|Any CPU
		Release|Any CPU = Release|Any CPU
	EndGlobalSection
	GlobalSection(ProjectConfigurationPlatforms) = postSolution
		{97089F72-A092-4B4D-BB9B-C4AF4691634D}.Debug|Any CPU.ActiveCfg = Debug|Any CPU
		{97089F72-A092-4B4D-BB9B-C4AF4691634D}.Debug|Any CPU.Build.0 = Debug|Any CPU
		{97089F72-A092-4B4D-BB9B-C4AF4691634D}.Release|Any CPU.ActiveCfg = Release|Any CPU
		{97089F72-A092-4B4D-BB9B-C4AF4691634D}.Release|Any CPU.Build.0 = Release|Any CPU
	EndGlobalSection
	GlobalSection(SolutionProperties) = preSolution
		HideSolutionNode = FALSE
	EndGlobalSection
	GlobalSection(ExtensibilityGlobals) = postSolution
		SolutionGuid = {C6A62BCC-C7FB-40C9-897C-5B7FE108E61B}
	EndGlobalSection
EndGlobal
